// !$*UTF8*$!
{
	archiveVersion = 1;
	classes = {
	};
	objectVersion = 50;
	objects = {

/* Begin PBXBuildFile section */
		110C31EA220FE5FB00003D7F /* Teams.swift in Sources */ = {isa = PBXBuildFile; fileRef = 110C31E9220FE5FB00003D7F /* Teams.swift */; };
		110C31EC220FE6AE00003D7F /* Game.swift in Sources */ = {isa = PBXBuildFile; fileRef = 110C31EB220FE6AE00003D7F /* Game.swift */; };
		110C31EE220FE6D900003D7F /* Fighter.swift in Sources */ = {isa = PBXBuildFile; fileRef = 110C31ED220FE6D900003D7F /* Fighter.swift */; };
		110C31F0220FE6FE00003D7F /* Mage.swift in Sources */ = {isa = PBXBuildFile; fileRef = 110C31EF220FE6FE00003D7F /* Mage.swift */; };
		110C31F2220FE71500003D7F /* Dwarf.swift in Sources */ = {isa = PBXBuildFile; fileRef = 110C31F1220FE71500003D7F /* Dwarf.swift */; };
		110C31F4220FE72500003D7F /* Colossus.swift in Sources */ = {isa = PBXBuildFile; fileRef = 110C31F3220FE72500003D7F /* Colossus.swift */; };
		110C31F6220FE8A800003D7F /* Weapon.swift in Sources */ = {isa = PBXBuildFile; fileRef = 110C31F5220FE8A800003D7F /* Weapon.swift */; };
		110C31FA2216AC5500003D7F /* Berserker.swift in Sources */ = {isa = PBXBuildFile; fileRef = 110C31F92216AC5500003D7F /* Berserker.swift */; };
		1130EC0121C94BAA0046F728 /* main.swift in Sources */ = {isa = PBXBuildFile; fileRef = 1130EC0021C94BAA0046F728 /* main.swift */; };
		11AE9B8921CAAA1D00ED6595 /* Characters.swift in Sources */ = {isa = PBXBuildFile; fileRef = 11AE9B8821CAAA1D00ED6595 /* Characters.swift */; };
/* End PBXBuildFile section */

/* Begin PBXCopyFilesBuildPhase section */
		1130EBFB21C94BAA0046F728 /* CopyFiles */ = {
			isa = PBXCopyFilesBuildPhase;
			buildActionMask = 2147483647;
			dstPath = /usr/share/man/man1/;
			dstSubfolderSpec = 0;
			files = (
			);
			runOnlyForDeploymentPostprocessing = 1;
		};
/* End PBXCopyFilesBuildPhase section */

/* Begin PBXFileReference section */
		110C31E9220FE5FB00003D7F /* Teams.swift */ = {isa = PBXFileReference; lastKnownFileType = sourcecode.swift; path = Teams.swift; sourceTree = "<group>"; };
		110C31EB220FE6AE00003D7F /* Game.swift */ = {isa = PBXFileReference; lastKnownFileType = sourcecode.swift; path = Game.swift; sourceTree = "<group>"; };
		110C31ED220FE6D900003D7F /* Fighter.swift */ = {isa = PBXFileReference; lastKnownFileType = sourcecode.swift; path = Fighter.swift; sourceTree = "<group>"; };
		110C31EF220FE6FE00003D7F /* Mage.swift */ = {isa = PBXFileReference; lastKnownFileType = sourcecode.swift; path = Mage.swift; sourceTree = "<group>"; };
		110C31F1220FE71500003D7F /* Dwarf.swift */ = {isa = PBXFileReference; lastKnownFileType = sourcecode.swift; path = Dwarf.swift; sourceTree = "<group>"; };
		110C31F3220FE72500003D7F /* Colossus.swift */ = {isa = PBXFileReference; lastKnownFileType = sourcecode.swift; path = Colossus.swift; sourceTree = "<group>"; };
		110C31F5220FE8A800003D7F /* Weapon.swift */ = {isa = PBXFileReference; lastKnownFileType = sourcecode.swift; path = Weapon.swift; sourceTree = "<group>"; };
		110C31F92216AC5500003D7F /* Berserker.swift */ = {isa = PBXFileReference; lastKnownFileType = sourcecode.swift; path = Berserker.swift; sourceTree = "<group>"; };
		1130EBFD21C94BAA0046F728 /* SwiftGame */ = {isa = PBXFileReference; explicitFileType = "compiled.mach-o.executable"; includeInIndex = 0; path = SwiftGame; sourceTree = BUILT_PRODUCTS_DIR; };
		1130EC0021C94BAA0046F728 /* main.swift */ = {isa = PBXFileReference; lastKnownFileType = sourcecode.swift; path = main.swift; sourceTree = "<group>"; };
		11AE9B8821CAAA1D00ED6595 /* Characters.swift */ = {isa = PBXFileReference; lastKnownFileType = sourcecode.swift; path = Characters.swift; sourceTree = "<group>"; };
/* End PBXFileReference section */

/* Begin PBXFrameworksBuildPhase section */
		1130EBFA21C94BAA0046F728 /* Frameworks */ = {
			isa = PBXFrameworksBuildPhase;
			buildActionMask = 2147483647;
			files = (
			);
			runOnlyForDeploymentPostprocessing = 0;
		};
/* End PBXFrameworksBuildPhase section */

/* Begin PBXGroup section */
		1130EBF421C94BAA0046F728 = {
			isa = PBXGroup;
			children = (
				1130EBFF21C94BAA0046F728 /* SwiftGame */,
				1130EBFE21C94BAA0046F728 /* Products */,
			);
			sourceTree = "<group>";
		};
		1130EBFE21C94BAA0046F728 /* Products */ = {
			isa = PBXGroup;
			children = (
				1130EBFD21C94BAA0046F728 /* SwiftGame */,
			);
			name = Products;
			sourceTree = "<group>";
		};
		1130EBFF21C94BAA0046F728 /* SwiftGame */ = {
			isa = PBXGroup;
			children = (
				1130EC0021C94BAA0046F728 /* main.swift */,
				11AE9B8821CAAA1D00ED6595 /* Characters.swift */,
				110C31E9220FE5FB00003D7F /* Teams.swift */,
				110C31F5220FE8A800003D7F /* Weapon.swift */,
				110C31EB220FE6AE00003D7F /* Game.swift */,
				110C31F92216AC5500003D7F /* Berserker.swift */,
				110C31ED220FE6D900003D7F /* Fighter.swift */,
				110C31EF220FE6FE00003D7F /* Mage.swift */,
				110C31F1220FE71500003D7F /* Dwarf.swift */,
				110C31F3220FE72500003D7F /* Colossus.swift */,
			);
			path = SwiftGame;
			sourceTree = "<group>";
		};
/* End PBXGroup section */

/* Begin PBXNativeTarget section */
		1130EBFC21C94BAA0046F728 /* SwiftGame */ = {
			isa = PBXNativeTarget;
			buildConfigurationList = 1130EC0421C94BAA0046F728 /* Build configuration list for PBXNativeTarget "SwiftGame" */;
			buildPhases = (
				1130EBF921C94BAA0046F728 /* Sources */,
				1130EBFA21C94BAA0046F728 /* Frameworks */,
				1130EBFB21C94BAA0046F728 /* CopyFiles */,
			);
			buildRules = (
			);
			dependencies = (
			);
			name = SwiftGame;
			productName = SwiftGame;
			productReference = 1130EBFD21C94BAA0046F728 /* SwiftGame */;
			productType = "com.apple.product-type.tool";
		};
/* End PBXNativeTarget section */

/* Begin PBXProject section */
		1130EBF521C94BAA0046F728 /* Project object */ = {
			isa = PBXProject;
			attributes = {
				LastSwiftUpdateCheck = 1010;
				LastUpgradeCheck = 1010;
				ORGANIZATIONNAME = "Matthieu CAMUS";
				TargetAttributes = {
					1130EBFC21C94BAA0046F728 = {
						CreatedOnToolsVersion = 10.1;
					};
				};
			};
			buildConfigurationList = 1130EBF821C94BAA0046F728 /* Build configuration list for PBXProject "SwiftGame" */;
			compatibilityVersion = "Xcode 9.3";
			developmentRegion = en;
			hasScannedForEncodings = 0;
			knownRegions = (
				en,
			);
			mainGroup = 1130EBF421C94BAA0046F728;
			productRefGroup = 1130EBFE21C94BAA0046F728 /* Products */;
			projectDirPath = "";
			projectRoot = "";
			targets = (
				1130EBFC21C94BAA0046F728 /* SwiftGame */,
			);
		};
/* End PBXProject section */

/* Begin PBXSourcesBuildPhase section */
		1130EBF921C94BAA0046F728 /* Sources */ = {
			isa = PBXSourcesBuildPhase;
			buildActionMask = 2147483647;
			files = (
				110C31EA220FE5FB00003D7F /* Teams.swift in Sources */,
				110C31FA2216AC5500003D7F /* Berserker.swift in Sources */,
				110C31EE220FE6D900003D7F /* Fighter.swift in Sources */,
				1130EC0121C94BAA0046F728 /* main.swift in Sources */,
				110C31F0220FE6FE00003D7F /* Mage.swift in Sources */,
				110C31F4220FE72500003D7F /* Colossus.swift in Sources */,
				11AE9B8921CAAA1D00ED6595 /* Characters.swift in Sources */,
				110C31F2220FE71500003D7F /* Dwarf.swift in Sources */,
				110C31EC220FE6AE00003D7F /* Game.swift in Sources */,
				110C31F6220FE8A800003D7F /* Weapon.swift in Sources */,
			);
			runOnlyForDeploymentPostprocessing = 0;
		};
/* End PBXSourcesBuildPhase section */

/* Begin XCBuildConfiguration section */
		1130EC0221C94BAA0046F728 /* Debug */ = {
			isa = XCBuildConfiguration;
			buildSettings = {
				ALWAYS_SEARCH_USER_PATHS = NO;
				CLANG_ANALYZER_NONNULL = YES;
				CLANG_ANALYZER_NUMBER_OBJECT_CONVERSION = YES_AGGRESSIVE;
				CLANG_CXX_LANGUAGE_STANDARD = "gnu++14";
				CLANG_CXX_LIBRARY = "libc++";
				CLANG_ENABLE_MODULES = YES;
				CLANG_ENABLE_OBJC_ARC = YES;
				CLANG_ENABLE_OBJC_WEAK = YES;
				CLANG_WARN_BLOCK_CAPTURE_AUTORELEASING = YES;
				CLANG_WARN_BOOL_CONVERSION = YES;
				CLANG_WARN_COMMA = YES;
				CLANG_WARN_CONSTANT_CONVERSION = YES;
				CLANG_WARN_DEPRECATED_OBJC_IMPLEMENTATIONS = YES;
				CLANG_WARN_DIRECT_OBJC_ISA_USAGE = YES_ERROR;
				CLANG_WARN_DOCUMENTATION_COMMENTS = YES;
				CLANG_WARN_EMPTY_BODY = YES;
				CLANG_WARN_ENUM_CONVERSION = YES;
				CLANG_WARN_INFINITE_RECURSION = YES;
				CLANG_WARN_INT_CONVERSION = YES;
				CLANG_WARN_NON_LITERAL_NULL_CONVERSION = YES;
				CLANG_WARN_OBJC_IMPLICIT_RETAIN_SELF = YES;
				CLANG_WARN_OBJC_LITERAL_CONVERSION = YES;
				CLANG_WARN_OBJC_ROOT_CLASS = YES_ERROR;
				CLANG_WARN_RANGE_LOOP_ANALYSIS = YES;
				CLANG_WARN_STRICT_PROTOTYPES = YES;
				CLANG_WARN_SUSPICIOUS_MOVE = YES;
				CLANG_WARN_UNGUARDED_AVAILABILITY = YES_AGGRESSIVE;
				CLANG_WARN_UNREACHABLE_CODE = YES;
				CLANG_WARN__DUPLICATE_METHOD_MATCH = YES;
				CODE_SIGN_IDENTITY = "-";
				COPY_PHASE_STRIP = NO;
				DEBUG_INFORMATION_FORMAT = dwarf;
				ENABLE_STRICT_OBJC_MSGSEND = YES;
				ENABLE_TESTABILITY = YES;
				GCC_C_LANGUAGE_STANDARD = gnu11;
				GCC_DYNAMIC_NO_PIC = NO;
				GCC_NO_COMMON_BLOCKS = YES;
				GCC_OPTIMIZATION_LEVEL = 0;
				GCC_PREPROCESSOR_DEFINITIONS = (
					"DEBUG=1",
					"$(inherited)",
				);
				GCC_WARN_64_TO_32_BIT_CONVERSION = YES;
				GCC_WARN_ABOUT_RETURN_TYPE = YES_ERROR;
				GCC_WARN_UNDECLARED_SELECTOR = YES;
				GCC_WARN_UNINITIALIZED_AUTOS = YES_AGGRESSIVE;
				GCC_WARN_UNUSED_FUNCTION = YES;
				GCC_WARN_UNUSED_VARIABLE = YES;
				MACOSX_DEPLOYMENT_TARGET = 10.14;
				MTL_ENABLE_DEBUG_INFO = INCLUDE_SOURCE;
				MTL_FAST_MATH = YES;
				ONLY_ACTIVE_ARCH = YES;
				SDKROOT = macosx;
				SWIFT_ACTIVE_COMPILATION_CONDITIONS = DEBUG;
				SWIFT_OPTIMIZATION_LEVEL = "-Onone";
			};
			name = Debug;
		};
		1130EC0321C94BAA0046F728 /* Release */ = {
			isa = XCBuildConfiguration;
			buildSettings = {
				ALWAYS_SEARCH_USER_PATHS = NO;
				CLANG_ANALYZER_NONNULL = YES;
				CLANG_ANALYZER_NUMBER_OBJECT_CONVERSION = YES_AGGRESSIVE;
				CLANG_CXX_LANGUAGE_STANDARD = "gnu++14";
				CLANG_CXX_LIBRARY = "libc++";
				CLANG_ENABLE_MODULES = YES;
				CLANG_ENABLE_OBJC_ARC = YES;
				CLANG_ENABLE_OBJC_WEAK = YES;
				CLANG_WARN_BLOCK_CAPTURE_AUTORELEASING = YES;
				CLANG_WARN_BOOL_CONVERSION = YES;
				CLANG_WARN_COMMA = YES;
				CLANG_WARN_CONSTANT_CONVERSION = YES;
				CLANG_WARN_DEPRECATED_OBJC_IMPLEMENTATIONS = YES;
				CLANG_WARN_DIRECT_OBJC_ISA_USAGE = YES_ERROR;
				CLANG_WARN_DOCUMENTATION_COMMENTS = YES;
				CLANG_WARN_EMPTY_BODY = YES;
				CLANG_WARN_ENUM_CONVERSION = YES;
				CLANG_WARN_INFINITE_RECURSION = YES;
				CLANG_WARN_INT_CONVERSION = YES;
				CLANG_WARN_NON_LITERAL_NULL_CONVERSION = YES;
				CLANG_WARN_OBJC_IMPLICIT_RETAIN_SELF = YES;
				CLANG_WARN_OBJC_LITERAL_CONVERSION = YES;
				CLANG_WARN_OBJC_ROOT_CLASS = YES_ERROR;
				CLANG_WARN_RANGE_LOOP_ANALYSIS = YES;
				CLANG_WARN_STRICT_PROTOTYPES = YES;
				CLANG_WARN_SUSPICIOUS_MOVE = YES;
				CLANG_WARN_UNGUARDED_AVAILABILITY = YES_AGGRESSIVE;
				CLANG_WARN_UNREACHABLE_CODE = YES;
				CLANG_WARN__DUPLICATE_METHOD_MATCH = YES;
				CODE_SIGN_IDENTITY = "-";
				COPY_PHASE_STRIP = NO;
				DEBUG_INFORMATION_FORMAT = "dwarf-with-dsym";
				ENABLE_NS_ASSERTIONS = NO;
				ENABLE_STRICT_OBJC_MSGSEND = YES;
				GCC_C_LANGUAGE_STANDARD = gnu11;
				GCC_NO_COMMON_BLOCKS = YES;
				GCC_WARN_64_TO_32_BIT_CONVERSION = YES;
				GCC_WARN_ABOUT_RETURN_TYPE = YES_ERROR;
				GCC_WARN_UNDECLARED_SELECTOR = YES;
				GCC_WARN_UNINITIALIZED_AUTOS = YES_AGGRESSIVE;
				GCC_WARN_UNUSED_FUNCTION = YES;
				GCC_WARN_UNUSED_VARIABLE = YES;
				MACOSX_DEPLOYMENT_TARGET = 10.14;
				MTL_ENABLE_DEBUG_INFO = NO;
				MTL_FAST_MATH = YES;
				SDKROOT = macosx;
				SWIFT_COMPILATION_MODE = wholemodule;
				SWIFT_OPTIMIZATION_LEVEL = "-O";
			};
			name = Release;
		};
		1130EC0521C94BAA0046F728 /* Debug */ = {
			isa = XCBuildConfiguration;
			buildSettings = {
				CODE_SIGN_STYLE = Automatic;
				PRODUCT_NAME = "$(TARGET_NAME)";
				SWIFT_VERSION = 4.2;
			};
			name = Debug;
		};
		1130EC0621C94BAA0046F728 /* Release */ = {
			isa = XCBuildConfiguration;
			buildSettings = {
				CODE_SIGN_STYLE = Automatic;
				PRODUCT_NAME = "$(TARGET_NAME)";
				SWIFT_VERSION = 4.2;
			};
			name = Release;
		};
/* End XCBuildConfiguration section */

/* Begin XCConfigurationList section */
		1130EBF821C94BAA0046F728 /* Build configuration list for PBXProject "SwiftGame" */ = {
			isa = XCConfigurationList;
			buildConfigurations = (
				1130EC0221C94BAA0046F728 /* Debug */,
				1130EC0321C94BAA0046F728 /* Release */,
			);
			defaultConfigurationIsVisible = 0;
			defaultConfigurationName = Release;
		};
		1130EC0421C94BAA0046F728 /* Build configuration list for PBXNativeTarget "SwiftGame" */ = {
			isa = XCConfigurationList;
			buildConfigurations = (
				1130EC0521C94BAA0046F728 /* Debug */,
				1130EC0621C94BAA0046F728 /* Release */,
			);
			defaultConfigurationIsVisible = 0;
			defaultConfigurationName = Release;
		};
/* End XCConfigurationList section */
	};
	rootObject = 1130EBF521C94BAA0046F728 /* Project object */;
}
